
Microsoft Visual Studio Solution File, Format Version 12.00
# Visual Studio Version 17
VisualStudioVersion = 17.14.36109.1 d17.14
MinimumVisualStudioVersion = 10.0.40219.1
Project("{FAE04EC0-301F-11D3-BF4B-00C04F79EFBC}") = "DemoTag2", "DemoTag2\DemoTag2.csproj", "{C4007A52-35F3-458A-B632-8FF68D124ACB}"
EndProject
Project("{FAE04EC0-301F-11D3-BF4B-00C04F79EFBC}") = "Lab04", "Lab03\Lab04.csproj", "{3B15CBD3-59AD-4152-BF08-86B3F4DEB744}"
EndProject
Project("{FAE04EC0-301F-11D3-BF4B-00C04F79EFBC}") = "Lab05", "Lab05\Lab05.csproj", "{6B35F3BC-5D0E-4FF3-9412-62E8EC7A8FE2}"
EndProject
Project("{FAE04EC0-301F-11D3-BF4B-00C04F79EFBC}") = "Demo-OOP", "Demo-OOP\Demo-OOP.csproj", "{A6AD6D85-636B-4CC4-898D-E11426B571B0}"
EndProject
Project("{FAE04EC0-301F-11D3-BF4B-00C04F79EFBC}") = "Lab06", "Lab06\Lab06.csproj", "{21889978-F331-4B95-9236-46F6289B58AC}"
EndProject
Project("{FAE04EC0-301F-11D3-BF4B-00C04F79EFBC}") = "Lab07", "Lab07\Lab07.csproj", "{B3CA991C-C854-1AD0-F14A-D39EC8FD6E49}"
EndProject
Global
	GlobalSection(SolutionConfigurationPlatforms) = preSolution
		Debug|Any CPU = Debug|Any CPU
		Release|Any CPU = Release|Any CPU
	EndGlobalSection
	GlobalSection(ProjectConfigurationPlatforms) = postSolution
		{C4007A52-35F3-458A-B632-8FF68D124ACB}.Debug|Any CPU.ActiveCfg = Debug|Any CPU
		{C4007A52-35F3-458A-B632-8FF68D124ACB}.Debug|Any CPU.Build.0 = Debug|Any CPU
		{C4007A52-35F3-458A-B632-8FF68D124ACB}.Release|Any CPU.ActiveCfg = Release|Any CPU
		{C4007A52-35F3-458A-B632-8FF68D124ACB}.Release|Any CPU.Build.0 = Release|Any CPU
		{3B15CBD3-59AD-4152-BF08-86B3F4DEB744}.Debug|Any CPU.ActiveCfg = Debug|Any CPU
		{3B15CBD3-59AD-4152-BF08-86B3F4DEB744}.Debug|Any CPU.Build.0 = Debug|Any CPU
		{3B15CBD3-59AD-4152-BF08-86B3F4DEB744}.Release|Any CPU.ActiveCfg = Release|Any CPU
		{3B15CBD3-59AD-4152-BF08-86B3F4DEB744}.Release|Any CPU.Build.0 = Release|Any CPU
		{6B35F3BC-5D0E-4FF3-9412-62E8EC7A8FE2}.Debug|Any CPU.ActiveCfg = Debug|Any CPU
		{6B35F3BC-5D0E-4FF3-9412-62E8EC7A8FE2}.Debug|Any CPU.Build.0 = Debug|Any CPU
		{6B35F3BC-5D0E-4FF3-9412-62E8EC7A8FE2}.Release|Any CPU.ActiveCfg = Release|Any CPU
		{6B35F3BC-5D0E-4FF3-9412-62E8EC7A8FE2}.Release|Any CPU.Build.0 = Release|Any CPU
		{A6AD6D85-636B-4CC4-898D-E11426B571B0}.Debug|Any CPU.ActiveCfg = Debug|Any CPU
		{A6AD6D85-636B-4CC4-898D-E11426B571B0}.Debug|Any CPU.Build.0 = Debug|Any CPU
		{A6AD6D85-636B-4CC4-898D-E11426B571B0}.Release|Any CPU.ActiveCfg = Release|Any CPU
		{A6AD6D85-636B-4CC4-898D-E11426B571B0}.Release|Any CPU.Build.0 = Release|Any CPU
		{21889978-F331-4B95-9236-46F6289B58AC}.Debug|Any CPU.ActiveCfg = Debug|Any CPU
		{21889978-F331-4B95-9236-46F6289B58AC}.Debug|Any CPU.Build.0 = Debug|Any CPU
		{21889978-F331-4B95-9236-46F6289B58AC}.Release|Any CPU.ActiveCfg = Release|Any CPU
		{21889978-F331-4B95-9236-46F6289B58AC}.Release|Any CPU.Build.0 = Release|Any CPU
		{B3CA991C-C854-1AD0-F14A-D39EC8FD6E49}.Debug|Any CPU.ActiveCfg = Debug|Any CPU
		{B3CA991C-C854-1AD0-F14A-D39EC8FD6E49}.Debug|Any CPU.Build.0 = Debug|Any CPU
		{B3CA991C-C854-1AD0-F14A-D39EC8FD6E49}.Release|Any CPU.ActiveCfg = Release|Any CPU
		{B3CA991C-C854-1AD0-F14A-D39EC8FD6E49}.Release|Any CPU.Build.0 = Release|Any CPU
	EndGlobalSection
	GlobalSection(SolutionProperties) = preSolution
		HideSolutionNode = FALSE
	EndGlobalSection
	GlobalSection(ExtensibilityGlobals) = postSolution
		SolutionGuid = {EC426E83-12D3-4E0F-A679-0A1DE0CED942}
	EndGlobalSection
EndGlobal
