
Microsoft Visual Studio Solution File, Format Version 12.00
# Visual Studio Version 17
VisualStudioVersion = 17.14.36109.1 d17.14
MinimumVisualStudioVersion = 10.0.40219.1
Project("{FAE04EC0-301F-11D3-BF4B-00C04F79EFBC}") = "DemoTag3", "DemoTag3\DemoTag3.csproj", "{C84F3DBE-6C98-4FEE-9580-25AEF41DF192}"
EndProject
Project("{FAE04EC0-301F-11D3-BF4B-00C04F79EFBC}") = "Lab08", "Lab08\Lab08.csproj", "{0D4524D8-0AF7-AB58-024B-FBB1B7A55FD3}"
EndProject
Project("{FAE04EC0-301F-11D3-BF4B-00C04F79EFBC}") = "Lab09", "Lab09\Lab09.csproj", "{4C1999EC-C7EC-4D3E-A2CB-73967110E41D}"
EndProject
Global
	GlobalSection(SolutionConfigurationPlatforms) = preSolution
		Debug|Any CPU = Debug|Any CPU
		Release|Any CPU = Release|Any CPU
	EndGlobalSection
	GlobalSection(ProjectConfigurationPlatforms) = postSolution
		{C84F3DBE-6C98-4FEE-9580-25AEF41DF192}.Debug|Any CPU.ActiveCfg = Debug|Any CPU
		{C84F3DBE-6C98-4FEE-9580-25AEF41DF192}.Debug|Any CPU.Build.0 = Debug|Any CPU
		{C84F3DBE-6C98-4FEE-9580-25AEF41DF192}.Release|Any CPU.ActiveCfg = Release|Any CPU
		{C84F3DBE-6C98-4FEE-9580-25AEF41DF192}.Release|Any CPU.Build.0 = Release|Any CPU
		{0D4524D8-0AF7-AB58-024B-FBB1B7A55FD3}.Debug|Any CPU.ActiveCfg = Debug|Any CPU
		{0D4524D8-0AF7-AB58-024B-FBB1B7A55FD3}.Debug|Any CPU.Build.0 = Debug|Any CPU
		{0D4524D8-0AF7-AB58-024B-FBB1B7A55FD3}.Release|Any CPU.ActiveCfg = Release|Any CPU
		{0D4524D8-0AF7-AB58-024B-FBB1B7A55FD3}.Release|Any CPU.Build.0 = Release|Any CPU
		{4C1999EC-C7EC-4D3E-A2CB-73967110E41D}.Debug|Any CPU.ActiveCfg = Debug|Any CPU
		{4C1999EC-C7EC-4D3E-A2CB-73967110E41D}.Debug|Any CPU.Build.0 = Debug|Any CPU
		{4C1999EC-C7EC-4D3E-A2CB-73967110E41D}.Release|Any CPU.ActiveCfg = Release|Any CPU
		{4C1999EC-C7EC-4D3E-A2CB-73967110E41D}.Release|Any CPU.Build.0 = Release|Any CPU
	EndGlobalSection
	GlobalSection(SolutionProperties) = preSolution
		HideSolutionNode = FALSE
	EndGlobalSection
	GlobalSection(ExtensibilityGlobals) = postSolution
		SolutionGuid = {DBB24454-950F-4073-BCB9-E1780CBC1A7D}
	EndGlobalSection
EndGlobal
